# THIS IS AN AUTOGENERATED FILE. DO NOT EDIT THIS FILE DIRECTLY.
# yarn lockfile v1


"@babel/runtime@^7.12.5":
  version "7.14.0"
  resolved "https://registry.yarnpkg.com/@babel/runtime/-/runtime-7.14.0.tgz#46794bc20b612c5f75e62dd071e24dfd95f1cbe6"
  integrity sha512-JELkvo/DlpNdJ7dlyw/eY7E0suy5i5GQH+Vlxaq1nsNJ+H7f4Vtv3jMeCEgRhZZQFXTjldYfQgv2qmM6M1v5wA==
  dependencies:
    regenerator-runtime "^0.13.4"

"@testing-library/react-hooks@^7.0.0":
  version "7.0.0"
  resolved "https://registry.yarnpkg.com/@testing-library/react-hooks/-/react-hooks-7.0.0.tgz#dd6d37a7e018f147a3b9153137f10e013be8472b"
  integrity sha512-WFBGH8DWdIGGBHt6PBtQPe2v4Kbj9vQ1sQ9qLBTmwn1PNggngint4MTE/IiWCYhPbyTW3oc/7X62DObMn/AjQQ==
  dependencies:
    "@babel/runtime" "^7.12.5"
    "@types/react" ">=16.9.0"
    "@types/react-dom" ">=16.9.0"
    "@types/react-test-renderer" ">=16.9.0"
    react-error-boundary "^3.1.0"

"@types/prop-types@*":
  version "15.7.3"
  resolved "https://registry.yarnpkg.com/@types/prop-types/-/prop-types-15.7.3.tgz#2ab0d5da2e5815f94b0b9d4b95d1e5f243ab2ca7"
  integrity sha512-KfRL3PuHmqQLOG+2tGpRO26Ctg+Cq1E01D2DMriKEATHgWLfeNDmq9e29Q9WIky0dQ3NPkd1mzYH8Lm936Z9qw==

"@types/react-dom@>=16.9.0":
  version "17.0.5"
  resolved "https://registry.yarnpkg.com/@types/react-dom/-/react-dom-17.0.5.tgz#df44eed5b8d9e0b13bb0cd38e0ea6572a1231227"
  integrity sha512-ikqukEhH4H9gr4iJCmQVNzTB307kROe3XFfHAOTxOXPOw7lAoEXnM5KWTkzeANGL5Ce6ABfiMl/zJBYNi7ObmQ==
  dependencies:
    "@types/react" "*"

"@types/react-test-renderer@>=16.9.0":
  version "17.0.1"
  resolved "https://registry.yarnpkg.com/@types/react-test-renderer/-/react-test-renderer-17.0.1.tgz#3120f7d1c157fba9df0118dae20cb0297ee0e06b"
  integrity sha512-3Fi2O6Zzq/f3QR9dRnlnHso9bMl7weKCviFmfF6B4LS1Uat6Hkm15k0ZAQuDz+UBq6B3+g+NM6IT2nr5QgPzCw==
  dependencies:
    "@types/react" "*"

"@types/react@*", "@types/react@>=16.9.0":
  version "17.0.8"
  resolved "https://registry.yarnpkg.com/@types/react/-/react-17.0.8.tgz#fe76e3ba0fbb5602704110fd1e3035cf394778e3"
  integrity sha512-3sx4c0PbXujrYAKwXxNONXUtRp9C+hE2di0IuxFyf5BELD+B+AXL8G7QrmSKhVwKZDbv0igiAjQAMhXj8Yg3aw==
  dependencies:
    "@types/prop-types" "*"
    "@types/scheduler" "*"
    csstype "^3.0.2"

"@types/scheduler@*":
  version "0.16.1"
  resolved "https://registry.yarnpkg.com/@types/scheduler/-/scheduler-0.16.1.tgz#18845205e86ff0038517aab7a18a62a6b9f71275"
  integrity sha512-EaCxbanVeyxDRTQBkdLb3Bvl/HK7PBK6UJjsSixB0iHKoWxE5uu2Q/DgtpOhPIojN0Zl1whvOd7PoHs2P0s5eA==

csstype@^3.0.2:
  version "3.0.8"
  resolved "https://registry.yarnpkg.com/csstype/-/csstype-3.0.8.tgz#d2266a792729fb227cd216fb572f43728e1ad340"
  integrity sha512-jXKhWqXPmlUeoQnF/EhTtTl4C9SnrxSH/jZUih3jmO6lBKr99rP3/+FmrMj4EFpOXzMtXHAZkd3x0E6h6Fgflw==

react-error-boundary@^3.1.0:
  version "3.1.3"
  resolved "https://registry.yarnpkg.com/react-error-boundary/-/react-error-boundary-3.1.3.tgz#276bfa05de8ac17b863587c9e0647522c25e2a0b"
  integrity sha512-A+F9HHy9fvt9t8SNDlonq01prnU8AmkjvGKV4kk8seB9kU3xMEO8J/PQlLVmoOIDODl5U2kufSBs4vrWIqhsAA==
  dependencies:
    "@babel/runtime" "^7.12.5"

regenerator-runtime@^0.13.4:
  version "0.13.7"
  resolved "https://registry.yarnpkg.com/regenerator-runtime/-/regenerator-runtime-0.13.7.tgz#cac2dacc8a1ea675feaabaeb8ae833898ae46f55"
  integrity sha512-a54FxoJDIr27pgf7IgeQGxmqUNYrcV338lf/6gH456HZ/PhX+5BcwHXG9ajESmwe6WRO0tAzRUrRmNONWgkrew==
